
Microsoft Visual Studio Solution File, Format Version 12.00
# Visual Studio Version 17
VisualStudioVersion = 17.5.002.0
MinimumVisualStudioVersion = 10.0.40219.1
Project("{9A19103F-16F7-4668-BE54-9A1E7A4F7556}") = "DesafioFundamentos", "DesafioFundamentos\DesafioFundamentos.csproj", "{B5B947F8-680C-467A-8573-47F9E1318D61}"
EndProject
Global
	GlobalSection(SolutionConfigurationPlatforms) = preSolution
		Debug|Any CPU = Debug|Any CPU
		Release|Any CPU = Release|Any CPU
	EndGlobalSection
	GlobalSection(ProjectConfigurationPlatforms) = postSolution
		{B5B947F8-680C-467A-8573-47F9E1318D61}.Debug|Any CPU.ActiveCfg = Debug|Any CPU
		{B5B947F8-680C-467A-8573-47F9E1318D61}.Debug|Any CPU.Build.0 = Debug|Any CPU
		{B5B947F8-680C-467A-8573-47F9E1318D61}.Release|Any CPU.ActiveCfg = Release|Any CPU
		{B5B947F8-680C-467A-8573-47F9E1318D61}.Release|Any CPU.Build.0 = Release|Any CPU
	EndGlobalSection
	GlobalSection(SolutionProperties) = preSolution
		HideSolutionNode = FALSE
	EndGlobalSection
	GlobalSection(ExtensibilityGlobals) = postSolution
		SolutionGuid = {38A24AC8-0A94-40A5-83C3-2F864F3F85F0}
	EndGlobalSection
EndGlobal
